
Microsoft Visual Studio Solution File, Format Version 12.00
# Visual Studio Version 17
VisualStudioVersion = 17.14.36202.13 d17.14
MinimumVisualStudioVersion = 10.0.40219.1
Project("{FAE04EC0-301F-11D3-BF4B-00C04F79EFBC}") = "gettersetter2", "gettersetter2.csproj", "{EA086E37-13BE-4D17-9D4A-C5F4330115EF}"
EndProject
Global
	GlobalSection(SolutionConfigurationPlatforms) = preSolution
		Debug|Any CPU = Debug|Any CPU
		Release|Any CPU = Release|Any CPU
	EndGlobalSection
	GlobalSection(ProjectConfigurationPlatforms) = postSolution
		{EA086E37-13BE-4D17-9D4A-C5F4330115EF}.Debug|Any CPU.ActiveCfg = Debug|Any CPU
		{EA086E37-13BE-4D17-9D4A-C5F4330115EF}.Debug|Any CPU.Build.0 = Debug|Any CPU
		{EA086E37-13BE-4D17-9D4A-C5F4330115EF}.Release|Any CPU.ActiveCfg = Release|Any CPU
		{EA086E37-13BE-4D17-9D4A-C5F4330115EF}.Release|Any CPU.Build.0 = Release|Any CPU
	EndGlobalSection
	GlobalSection(SolutionProperties) = preSolution
		HideSolutionNode = FALSE
	EndGlobalSection
	GlobalSection(ExtensibilityGlobals) = postSolution
		SolutionGuid = {F0BD03C9-3E85-4617-A0DA-708B0085F00A}
	EndGlobalSection
EndGlobal
