
Microsoft Visual Studio Solution File, Format Version 12.00
# Visual Studio Version 17
VisualStudioVersion = 17.14.36202.13 d17.14
MinimumVisualStudioVersion = 10.0.40219.1
Project("{FAE04EC0-301F-11D3-BF4B-00C04F79EFBC}") = "yenidoganad", "yenidoganad.csproj", "{582854D4-B971-489C-A801-82EA9BE6E1B1}"
EndProject
Global
	GlobalSection(SolutionConfigurationPlatforms) = preSolution
		Debug|Any CPU = Debug|Any CPU
		Release|Any CPU = Release|Any CPU
	EndGlobalSection
	GlobalSection(ProjectConfigurationPlatforms) = postSolution
		{582854D4-B971-489C-A801-82EA9BE6E1B1}.Debug|Any CPU.ActiveCfg = Debug|Any CPU
		{582854D4-B971-489C-A801-82EA9BE6E1B1}.Debug|Any CPU.Build.0 = Debug|Any CPU
		{582854D4-B971-489C-A801-82EA9BE6E1B1}.Release|Any CPU.ActiveCfg = Release|Any CPU
		{582854D4-B971-489C-A801-82EA9BE6E1B1}.Release|Any CPU.Build.0 = Release|Any CPU
	EndGlobalSection
	GlobalSection(SolutionProperties) = preSolution
		HideSolutionNode = FALSE
	EndGlobalSection
	GlobalSection(ExtensibilityGlobals) = postSolution
		SolutionGuid = {4BB5A4F1-08F4-46C3-B3C5-3BA30AA01BE1}
	EndGlobalSection
EndGlobal
