
Microsoft Visual Studio Solution File, Format Version 12.00
# Visual Studio Version 17
VisualStudioVersion = 17.13.35828.75 d17.13
MinimumVisualStudioVersion = 10.0.40219.1
Project("{FAE04EC0-301F-11D3-BF4B-00C04F79EFBC}") = "no1", "no1\no1.csproj", "{0745F7CA-6F01-4B69-8D5C-B29F7922F389}"
EndProject
Global
	GlobalSection(SolutionConfigurationPlatforms) = preSolution
		Debug|Any CPU = Debug|Any CPU
		Release|Any CPU = Release|Any CPU
	EndGlobalSection
	GlobalSection(ProjectConfigurationPlatforms) = postSolution
		{0745F7CA-6F01-4B69-8D5C-B29F7922F389}.Debug|Any CPU.ActiveCfg = Debug|Any CPU
		{0745F7CA-6F01-4B69-8D5C-B29F7922F389}.Debug|Any CPU.Build.0 = Debug|Any CPU
		{0745F7CA-6F01-4B69-8D5C-B29F7922F389}.Release|Any CPU.ActiveCfg = Release|Any CPU
		{0745F7CA-6F01-4B69-8D5C-B29F7922F389}.Release|Any CPU.Build.0 = Release|Any CPU
	EndGlobalSection
	GlobalSection(SolutionProperties) = preSolution
		HideSolutionNode = FALSE
	EndGlobalSection
	GlobalSection(ExtensibilityGlobals) = postSolution
		SolutionGuid = {1C00D6E4-9E47-4D39-AA1C-004A5D915962}
	EndGlobalSection
EndGlobal
